// !$*UTF8*$!
{
	archiveVersion = 1;
	classes = {
	};
	objectVersion = 50;
	objects = {

/* Begin PBXBuildFile section */
		A6073A0223CF7A0A00B88536 /* FollowerListVC.swift in Sources */ = {isa = PBXBuildFile; fileRef = A6073A0123CF7A0A00B88536 /* FollowerListVC.swift */; };
		A60FAB5823D5DFC200936674 /* GFError.swift in Sources */ = {isa = PBXBuildFile; fileRef = A60FAB5723D5DFC200936674 /* GFError.swift */; };
		A63A177523D0D02500982490 /* GFTitleLabel.swift in Sources */ = {isa = PBXBuildFile; fileRef = A63A177423D0D02500982490 /* GFTitleLabel.swift */; };
		A63A177723D0D18600982490 /* GFBodyLabel.swift in Sources */ = {isa = PBXBuildFile; fileRef = A63A177623D0D18600982490 /* GFBodyLabel.swift */; };
		A63A177923D0D25900982490 /* GFAlertVC.swift in Sources */ = {isa = PBXBuildFile; fileRef = A63A177823D0D25900982490 /* GFAlertVC.swift */; };
		A63A177B23D0D7F600982490 /* UIViewController+Ext.swift in Sources */ = {isa = PBXBuildFile; fileRef = A63A177A23D0D7F600982490 /* UIViewController+Ext.swift */; };
		A64C038023D3F4C6005A7649 /* Follower.swift in Sources */ = {isa = PBXBuildFile; fileRef = A64C037F23D3F4C6005A7649 /* Follower.swift */; };
		A64C038223D3F5A6005A7649 /* User.swift in Sources */ = {isa = PBXBuildFile; fileRef = A64C038123D3F5A6005A7649 /* User.swift */; };
		A68FDA3223E705740044CFE1 /* FollowerCell.swift in Sources */ = {isa = PBXBuildFile; fileRef = A68FDA3123E705740044CFE1 /* FollowerCell.swift */; };
		A68FDA3423E706380044CFE1 /* GFAvatarImageView.swift in Sources */ = {isa = PBXBuildFile; fileRef = A68FDA3323E706380044CFE1 /* GFAvatarImageView.swift */; };
		A6AB60D623D45AD500F6BEC7 /* NetworkManager.swift in Sources */ = {isa = PBXBuildFile; fileRef = A6AB60D523D45AD500F6BEC7 /* NetworkManager.swift */; };
		A6C7668223C0445900BD5F95 /* AppDelegate.swift in Sources */ = {isa = PBXBuildFile; fileRef = A6C7668123C0445900BD5F95 /* AppDelegate.swift */; };
		A6C7668923C0445A00BD5F95 /* Assets.xcassets in Resources */ = {isa = PBXBuildFile; fileRef = A6C7668823C0445A00BD5F95 /* Assets.xcassets */; };
		A6C7668C23C0445A00BD5F95 /* LaunchScreen.storyboard in Resources */ = {isa = PBXBuildFile; fileRef = A6C7668A23C0445A00BD5F95 /* LaunchScreen.storyboard */; };
		A6C7669723C0445A00BD5F95 /* GHFollowersTests.swift in Sources */ = {isa = PBXBuildFile; fileRef = A6C7669623C0445A00BD5F95 /* GHFollowersTests.swift */; };
		A6C766A223C0445A00BD5F95 /* GHFollowersUITests.swift in Sources */ = {isa = PBXBuildFile; fileRef = A6C766A123C0445A00BD5F95 /* GHFollowersUITests.swift */; };
		A6F8935F23C4BAE2006482D4 /* SearchVC.swift in Sources */ = {isa = PBXBuildFile; fileRef = A6F8935E23C4BAE2006482D4 /* SearchVC.swift */; };
		A6F8936123C4BB8B006482D4 /* FavoritesListVC.swift in Sources */ = {isa = PBXBuildFile; fileRef = A6F8936023C4BB8B006482D4 /* FavoritesListVC.swift */; };
		A6F8936323C4C148006482D4 /* GFButton.swift in Sources */ = {isa = PBXBuildFile; fileRef = A6F8936223C4C148006482D4 /* GFButton.swift */; };
		A6F8936523C4C49C006482D4 /* GFTextField.swift in Sources */ = {isa = PBXBuildFile; fileRef = A6F8936423C4C49C006482D4 /* GFTextField.swift */; };
/* End PBXBuildFile section */

/* Begin PBXContainerItemProxy section */
		A6C7669323C0445A00BD5F95 /* PBXContainerItemProxy */ = {
			isa = PBXContainerItemProxy;
			containerPortal = A6C7667623C0445900BD5F95 /* Project object */;
			proxyType = 1;
			remoteGlobalIDString = A6C7667D23C0445900BD5F95;
			remoteInfo = GHFollowers;
		};
		A6C7669E23C0445A00BD5F95 /* PBXContainerItemProxy */ = {
			isa = PBXContainerItemProxy;
			containerPortal = A6C7667623C0445900BD5F95 /* Project object */;
			proxyType = 1;
			remoteGlobalIDString = A6C7667D23C0445900BD5F95;
			remoteInfo = GHFollowers;
		};
/* End PBXContainerItemProxy section */

/* Begin PBXFileReference section */
		A6073A0123CF7A0A00B88536 /* FollowerListVC.swift */ = {isa = PBXFileReference; lastKnownFileType = sourcecode.swift; path = FollowerListVC.swift; sourceTree = "<group>"; };
		A60FAB5723D5DFC200936674 /* GFError.swift */ = {isa = PBXFileReference; lastKnownFileType = sourcecode.swift; path = GFError.swift; sourceTree = "<group>"; };
		A63A177423D0D02500982490 /* GFTitleLabel.swift */ = {isa = PBXFileReference; lastKnownFileType = sourcecode.swift; path = GFTitleLabel.swift; sourceTree = "<group>"; };
		A63A177623D0D18600982490 /* GFBodyLabel.swift */ = {isa = PBXFileReference; lastKnownFileType = sourcecode.swift; path = GFBodyLabel.swift; sourceTree = "<group>"; };
		A63A177823D0D25900982490 /* GFAlertVC.swift */ = {isa = PBXFileReference; lastKnownFileType = sourcecode.swift; path = GFAlertVC.swift; sourceTree = "<group>"; };
		A63A177A23D0D7F600982490 /* UIViewController+Ext.swift */ = {isa = PBXFileReference; lastKnownFileType = sourcecode.swift; path = "UIViewController+Ext.swift"; sourceTree = "<group>"; };
		A64C037F23D3F4C6005A7649 /* Follower.swift */ = {isa = PBXFileReference; lastKnownFileType = sourcecode.swift; path = Follower.swift; sourceTree = "<group>"; };
		A64C038123D3F5A6005A7649 /* User.swift */ = {isa = PBXFileReference; lastKnownFileType = sourcecode.swift; path = User.swift; sourceTree = "<group>"; };
		A68FDA3123E705740044CFE1 /* FollowerCell.swift */ = {isa = PBXFileReference; lastKnownFileType = sourcecode.swift; path = FollowerCell.swift; sourceTree = "<group>"; };
		A68FDA3323E706380044CFE1 /* GFAvatarImageView.swift */ = {isa = PBXFileReference; lastKnownFileType = sourcecode.swift; path = GFAvatarImageView.swift; sourceTree = "<group>"; };
		A6AB60D523D45AD500F6BEC7 /* NetworkManager.swift */ = {isa = PBXFileReference; lastKnownFileType = sourcecode.swift; path = NetworkManager.swift; sourceTree = "<group>"; };
		A6C7667E23C0445900BD5F95 /* GHFollowers.app */ = {isa = PBXFileReference; explicitFileType = wrapper.application; includeInIndex = 0; path = GHFollowers.app; sourceTree = BUILT_PRODUCTS_DIR; };
		A6C7668123C0445900BD5F95 /* AppDelegate.swift */ = {isa = PBXFileReference; lastKnownFileType = sourcecode.swift; path = AppDelegate.swift; sourceTree = "<group>"; };
		A6C7668823C0445A00BD5F95 /* Assets.xcassets */ = {isa = PBXFileReference; lastKnownFileType = folder.assetcatalog; path = Assets.xcassets; sourceTree = "<group>"; };
		A6C7668B23C0445A00BD5F95 /* Base */ = {isa = PBXFileReference; lastKnownFileType = file.storyboard; name = Base; path = Base.lproj/LaunchScreen.storyboard; sourceTree = "<group>"; };
		A6C7668D23C0445A00BD5F95 /* Info.plist */ = {isa = PBXFileReference; lastKnownFileType = text.plist.xml; path = Info.plist; sourceTree = "<group>"; };
		A6C7669223C0445A00BD5F95 /* GHFollowersTests.xctest */ = {isa = PBXFileReference; explicitFileType = wrapper.cfbundle; includeInIndex = 0; path = GHFollowersTests.xctest; sourceTree = BUILT_PRODUCTS_DIR; };
		A6C7669623C0445A00BD5F95 /* GHFollowersTests.swift */ = {isa = PBXFileReference; lastKnownFileType = sourcecode.swift; path = GHFollowersTests.swift; sourceTree = "<group>"; };
		A6C7669823C0445A00BD5F95 /* Info.plist */ = {isa = PBXFileReference; lastKnownFileType = text.plist.xml; path = Info.plist; sourceTree = "<group>"; };
		A6C7669D23C0445A00BD5F95 /* GHFollowersUITests.xctest */ = {isa = PBXFileReference; explicitFileType = wrapper.cfbundle; includeInIndex = 0; path = GHFollowersUITests.xctest; sourceTree = BUILT_PRODUCTS_DIR; };
		A6C766A123C0445A00BD5F95 /* GHFollowersUITests.swift */ = {isa = PBXFileReference; lastKnownFileType = sourcecode.swift; path = GHFollowersUITests.swift; sourceTree = "<group>"; };
		A6C766A323C0445A00BD5F95 /* Info.plist */ = {isa = PBXFileReference; lastKnownFileType = text.plist.xml; path = Info.plist; sourceTree = "<group>"; };
		A6F8935E23C4BAE2006482D4 /* SearchVC.swift */ = {isa = PBXFileReference; lastKnownFileType = sourcecode.swift; path = SearchVC.swift; sourceTree = "<group>"; };
		A6F8936023C4BB8B006482D4 /* FavoritesListVC.swift */ = {isa = PBXFileReference; lastKnownFileType = sourcecode.swift; path = FavoritesListVC.swift; sourceTree = "<group>"; };
		A6F8936223C4C148006482D4 /* GFButton.swift */ = {isa = PBXFileReference; lastKnownFileType = sourcecode.swift; path = GFButton.swift; sourceTree = "<group>"; };
		A6F8936423C4C49C006482D4 /* GFTextField.swift */ = {isa = PBXFileReference; lastKnownFileType = sourcecode.swift; path = GFTextField.swift; sourceTree = "<group>"; };
/* End PBXFileReference section */

/* Begin PBXFrameworksBuildPhase section */
		A6C7667B23C0445900BD5F95 /* Frameworks */ = {
			isa = PBXFrameworksBuildPhase;
			buildActionMask = 2147483647;
			files = (
			);
			runOnlyForDeploymentPostprocessing = 0;
		};
		A6C7668F23C0445A00BD5F95 /* Frameworks */ = {
			isa = PBXFrameworksBuildPhase;
			buildActionMask = 2147483647;
			files = (
			);
			runOnlyForDeploymentPostprocessing = 0;
		};
		A6C7669A23C0445A00BD5F95 /* Frameworks */ = {
			isa = PBXFrameworksBuildPhase;
			buildActionMask = 2147483647;
			files = (
			);
			runOnlyForDeploymentPostprocessing = 0;
		};
/* End PBXFrameworksBuildPhase section */

/* Begin PBXGroup section */
		A60FAB5623D5DFB100936674 /* Utilities */ = {
			isa = PBXGroup;
			children = (
				A60FAB5723D5DFC200936674 /* GFError.swift */,
			);
			path = Utilities;
			sourceTree = "<group>";
		};
		A64C037A23D3F006005A7649 /* Screens */ = {
			isa = PBXGroup;
			children = (
				A6F8935E23C4BAE2006482D4 /* SearchVC.swift */,
				A6F8936023C4BB8B006482D4 /* FavoritesListVC.swift */,
				A6073A0123CF7A0A00B88536 /* FollowerListVC.swift */,
			);
			path = Screens;
			sourceTree = "<group>";
		};
		A64C037B23D3F046005A7649 /* Custom Views */ = {
			isa = PBXGroup;
			children = (
				A68FDA3023E705230044CFE1 /* Cells */,
				A6F8936223C4C148006482D4 /* GFButton.swift */,
				A6F8936423C4C49C006482D4 /* GFTextField.swift */,
				A63A177423D0D02500982490 /* GFTitleLabel.swift */,
				A63A177623D0D18600982490 /* GFBodyLabel.swift */,
				A63A177823D0D25900982490 /* GFAlertVC.swift */,
				A68FDA3323E706380044CFE1 /* GFAvatarImageView.swift */,
			);
			path = "Custom Views";
			sourceTree = "<group>";
		};
		A64C037C23D3F069005A7649 /* Extensions */ = {
			isa = PBXGroup;
			children = (
			);
			path = Extensions;
			sourceTree = "<group>";
		};
		A64C037D23D3F0C4005A7649 /* Support */ = {
			isa = PBXGroup;
			children = (
				A6C7668123C0445900BD5F95 /* AppDelegate.swift */,
				A6C7668A23C0445A00BD5F95 /* LaunchScreen.storyboard */,
				A63A177A23D0D7F600982490 /* UIViewController+Ext.swift */,
				A6C7668823C0445A00BD5F95 /* Assets.xcassets */,
			);
			path = Support;
			sourceTree = "<group>";
		};
		A64C037E23D3F4BA005A7649 /* Models */ = {
			isa = PBXGroup;
			children = (
				A64C037F23D3F4C6005A7649 /* Follower.swift */,
				A64C038123D3F5A6005A7649 /* User.swift */,
			);
			path = Models;
			sourceTree = "<group>";
		};
		A68FDA3023E705230044CFE1 /* Cells */ = {
			isa = PBXGroup;
			children = (
				A68FDA3123E705740044CFE1 /* FollowerCell.swift */,
			);
			path = Cells;
			sourceTree = "<group>";
		};
		A6AB60D423D45AC100F6BEC7 /* Managers */ = {
			isa = PBXGroup;
			children = (
				A6AB60D523D45AD500F6BEC7 /* NetworkManager.swift */,
			);
			path = Managers;
			sourceTree = "<group>";
		};
		A6C7667523C0445900BD5F95 = {
			isa = PBXGroup;
			children = (
				A6C7668023C0445900BD5F95 /* GHFollowers */,
				A6C7669523C0445A00BD5F95 /* GHFollowersTests */,
				A6C766A023C0445A00BD5F95 /* GHFollowersUITests */,
				A6C7667F23C0445900BD5F95 /* Products */,
			);
			sourceTree = "<group>";
		};
		A6C7667F23C0445900BD5F95 /* Products */ = {
			isa = PBXGroup;
			children = (
				A6C7667E23C0445900BD5F95 /* GHFollowers.app */,
				A6C7669223C0445A00BD5F95 /* GHFollowersTests.xctest */,
				A6C7669D23C0445A00BD5F95 /* GHFollowersUITests.xctest */,
			);
			name = Products;
			sourceTree = "<group>";
		};
		A6C7668023C0445900BD5F95 /* GHFollowers */ = {
			isa = PBXGroup;
			children = (
				A60FAB5623D5DFB100936674 /* Utilities */,
				A6AB60D423D45AC100F6BEC7 /* Managers */,
				A64C037E23D3F4BA005A7649 /* Models */,
				A64C037A23D3F006005A7649 /* Screens */,
				A64C037B23D3F046005A7649 /* Custom Views */,
				A64C037C23D3F069005A7649 /* Extensions */,
				A64C037D23D3F0C4005A7649 /* Support */,
				A6C7668D23C0445A00BD5F95 /* Info.plist */,
			);
			path = GHFollowers;
			sourceTree = "<group>";
		};
		A6C7669523C0445A00BD5F95 /* GHFollowersTests */ = {
			isa = PBXGroup;
			children = (
				A6C7669623C0445A00BD5F95 /* GHFollowersTests.swift */,
				A6C7669823C0445A00BD5F95 /* Info.plist */,
			);
			path = GHFollowersTests;
			sourceTree = "<group>";
		};
		A6C766A023C0445A00BD5F95 /* GHFollowersUITests */ = {
			isa = PBXGroup;
			children = (
				A6C766A123C0445A00BD5F95 /* GHFollowersUITests.swift */,
				A6C766A323C0445A00BD5F95 /* Info.plist */,
			);
			path = GHFollowersUITests;
			sourceTree = "<group>";
		};
/* End PBXGroup section */

/* Begin PBXNativeTarget section */
		A6C7667D23C0445900BD5F95 /* GHFollowers */ = {
			isa = PBXNativeTarget;
			buildConfigurationList = A6C766A623C0445A00BD5F95 /* Build configuration list for PBXNativeTarget "GHFollowers" */;
			buildPhases = (
				A6C7667A23C0445900BD5F95 /* Sources */,
				A6C7667B23C0445900BD5F95 /* Frameworks */,
				A6C7667C23C0445900BD5F95 /* Resources */,
			);
			buildRules = (
			);
			dependencies = (
			);
			name = GHFollowers;
			productName = GHFollowers;
			productReference = A6C7667E23C0445900BD5F95 /* GHFollowers.app */;
			productType = "com.apple.product-type.application";
		};
		A6C7669123C0445A00BD5F95 /* GHFollowersTests */ = {
			isa = PBXNativeTarget;
			buildConfigurationList = A6C766A923C0445A00BD5F95 /* Build configuration list for PBXNativeTarget "GHFollowersTests" */;
			buildPhases = (
				A6C7668E23C0445A00BD5F95 /* Sources */,
				A6C7668F23C0445A00BD5F95 /* Frameworks */,
				A6C7669023C0445A00BD5F95 /* Resources */,
			);
			buildRules = (
			);
			dependencies = (
				A6C7669423C0445A00BD5F95 /* PBXTargetDependency */,
			);
			name = GHFollowersTests;
			productName = GHFollowersTests;
			productReference = A6C7669223C0445A00BD5F95 /* GHFollowersTests.xctest */;
			productType = "com.apple.product-type.bundle.unit-test";
		};
		A6C7669C23C0445A00BD5F95 /* GHFollowersUITests */ = {
			isa = PBXNativeTarget;
			buildConfigurationList = A6C766AC23C0445A00BD5F95 /* Build configuration list for PBXNativeTarget "GHFollowersUITests" */;
			buildPhases = (
				A6C7669923C0445A00BD5F95 /* Sources */,
				A6C7669A23C0445A00BD5F95 /* Frameworks */,
				A6C7669B23C0445A00BD5F95 /* Resources */,
			);
			buildRules = (
			);
			dependencies = (
				A6C7669F23C0445A00BD5F95 /* PBXTargetDependency */,
			);
			name = GHFollowersUITests;
			productName = GHFollowersUITests;
			productReference = A6C7669D23C0445A00BD5F95 /* GHFollowersUITests.xctest */;
			productType = "com.apple.product-type.bundle.ui-testing";
		};
/* End PBXNativeTarget section */

/* Begin PBXProject section */
		A6C7667623C0445900BD5F95 /* Project object */ = {
			isa = PBXProject;
			attributes = {
				LastSwiftUpdateCheck = 1030;
				LastUpgradeCheck = 1030;
				ORGANIZATIONNAME = "$(PRODUCT_BUNDLE_IDENTIFIER)";
				TargetAttributes = {
					A6C7667D23C0445900BD5F95 = {
						CreatedOnToolsVersion = 10.3;
					};
					A6C7669123C0445A00BD5F95 = {
						CreatedOnToolsVersion = 10.3;
						TestTargetID = A6C7667D23C0445900BD5F95;
					};
					A6C7669C23C0445A00BD5F95 = {
						CreatedOnToolsVersion = 10.3;
						TestTargetID = A6C7667D23C0445900BD5F95;
					};
				};
			};
			buildConfigurationList = A6C7667923C0445900BD5F95 /* Build configuration list for PBXProject "GHFollowers" */;
			compatibilityVersion = "Xcode 9.3";
			developmentRegion = en;
			hasScannedForEncodings = 0;
			knownRegions = (
				en,
				Base,
			);
			mainGroup = A6C7667523C0445900BD5F95;
			productRefGroup = A6C7667F23C0445900BD5F95 /* Products */;
			projectDirPath = "";
			projectRoot = "";
			targets = (
				A6C7667D23C0445900BD5F95 /* GHFollowers */,
				A6C7669123C0445A00BD5F95 /* GHFollowersTests */,
				A6C7669C23C0445A00BD5F95 /* GHFollowersUITests */,
			);
		};
/* End PBXProject section */

/* Begin PBXResourcesBuildPhase section */
		A6C7667C23C0445900BD5F95 /* Resources */ = {
			isa = PBXResourcesBuildPhase;
			buildActionMask = 2147483647;
			files = (
				A6C7668C23C0445A00BD5F95 /* LaunchScreen.storyboard in Resources */,
				A6C7668923C0445A00BD5F95 /* Assets.xcassets in Resources */,
			);
			runOnlyForDeploymentPostprocessing = 0;
		};
		A6C7669023C0445A00BD5F95 /* Resources */ = {
			isa = PBXResourcesBuildPhase;
			buildActionMask = 2147483647;
			files = (
			);
			runOnlyForDeploymentPostprocessing = 0;
		};
		A6C7669B23C0445A00BD5F95 /* Resources */ = {
			isa = PBXResourcesBuildPhase;
			buildActionMask = 2147483647;
			files = (
			);
			runOnlyForDeploymentPostprocessing = 0;
		};
/* End PBXResourcesBuildPhase section */

/* Begin PBXSourcesBuildPhase section */
		A6C7667A23C0445900BD5F95 /* Sources */ = {
			isa = PBXSourcesBuildPhase;
			buildActionMask = 2147483647;
			files = (
				A63A177523D0D02500982490 /* GFTitleLabel.swift in Sources */,
				A6073A0223CF7A0A00B88536 /* FollowerListVC.swift in Sources */,
				A68FDA3223E705740044CFE1 /* FollowerCell.swift in Sources */,
				A63A177B23D0D7F600982490 /* UIViewController+Ext.swift in Sources */,
				A6AB60D623D45AD500F6BEC7 /* NetworkManager.swift in Sources */,
				A6F8936523C4C49C006482D4 /* GFTextField.swift in Sources */,
				A6F8936123C4BB8B006482D4 /* FavoritesListVC.swift in Sources */,
				A63A177923D0D25900982490 /* GFAlertVC.swift in Sources */,
				A6F8936323C4C148006482D4 /* GFButton.swift in Sources */,
				A6F8935F23C4BAE2006482D4 /* SearchVC.swift in Sources */,
				A64C038223D3F5A6005A7649 /* User.swift in Sources */,
				A64C038023D3F4C6005A7649 /* Follower.swift in Sources */,
				A68FDA3423E706380044CFE1 /* GFAvatarImageView.swift in Sources */,
				A6C7668223C0445900BD5F95 /* AppDelegate.swift in Sources */,
				A60FAB5823D5DFC200936674 /* GFError.swift in Sources */,
				A63A177723D0D18600982490 /* GFBodyLabel.swift in Sources */,
			);
			runOnlyForDeploymentPostprocessing = 0;
		};
		A6C7668E23C0445A00BD5F95 /* Sources */ = {
			isa = PBXSourcesBuildPhase;
			buildActionMask = 2147483647;
			files = (
				A6C7669723C0445A00BD5F95 /* GHFollowersTests.swift in Sources */,
			);
			runOnlyForDeploymentPostprocessing = 0;
		};
		A6C7669923C0445A00BD5F95 /* Sources */ = {
			isa = PBXSourcesBuildPhase;
			buildActionMask = 2147483647;
			files = (
				A6C766A223C0445A00BD5F95 /* GHFollowersUITests.swift in Sources */,
			);
			runOnlyForDeploymentPostprocessing = 0;
		};
/* End PBXSourcesBuildPhase section */

/* Begin PBXTargetDependency section */
		A6C7669423C0445A00BD5F95 /* PBXTargetDependency */ = {
			isa = PBXTargetDependency;
			target = A6C7667D23C0445900BD5F95 /* GHFollowers */;
			targetProxy = A6C7669323C0445A00BD5F95 /* PBXContainerItemProxy */;
		};
		A6C7669F23C0445A00BD5F95 /* PBXTargetDependency */ = {
			isa = PBXTargetDependency;
			target = A6C7667D23C0445900BD5F95 /* GHFollowers */;
			targetProxy = A6C7669E23C0445A00BD5F95 /* PBXContainerItemProxy */;
		};
/* End PBXTargetDependency section */

/* Begin PBXVariantGroup section */
		A6C7668A23C0445A00BD5F95 /* LaunchScreen.storyboard */ = {
			isa = PBXVariantGroup;
			children = (
				A6C7668B23C0445A00BD5F95 /* Base */,
			);
			name = LaunchScreen.storyboard;
			sourceTree = "<group>";
		};
/* End PBXVariantGroup section */

/* Begin XCBuildConfiguration section */
		A6C766A423C0445A00BD5F95 /* Debug */ = {
			isa = XCBuildConfiguration;
			buildSettings = {
				ALWAYS_SEARCH_USER_PATHS = NO;
				CLANG_ANALYZER_NONNULL = YES;
				CLANG_ANALYZER_NUMBER_OBJECT_CONVERSION = YES_AGGRESSIVE;
				CLANG_CXX_LANGUAGE_STANDARD = "gnu++14";
				CLANG_CXX_LIBRARY = "libc++";
				CLANG_ENABLE_MODULES = YES;
				CLANG_ENABLE_OBJC_ARC = YES;
				CLANG_ENABLE_OBJC_WEAK = YES;
				CLANG_WARN_BLOCK_CAPTURE_AUTORELEASING = YES;
				CLANG_WARN_BOOL_CONVERSION = YES;
				CLANG_WARN_COMMA = YES;
				CLANG_WARN_CONSTANT_CONVERSION = YES;
				CLANG_WARN_DEPRECATED_OBJC_IMPLEMENTATIONS = YES;
				CLANG_WARN_DIRECT_OBJC_ISA_USAGE = YES_ERROR;
				CLANG_WARN_DOCUMENTATION_COMMENTS = YES;
				CLANG_WARN_EMPTY_BODY = YES;
				CLANG_WARN_ENUM_CONVERSION = YES;
				CLANG_WARN_INFINITE_RECURSION = YES;
				CLANG_WARN_INT_CONVERSION = YES;
				CLANG_WARN_NON_LITERAL_NULL_CONVERSION = YES;
				CLANG_WARN_OBJC_IMPLICIT_RETAIN_SELF = YES;
				CLANG_WARN_OBJC_LITERAL_CONVERSION = YES;
				CLANG_WARN_OBJC_ROOT_CLASS = YES_ERROR;
				CLANG_WARN_RANGE_LOOP_ANALYSIS = YES;
				CLANG_WARN_STRICT_PROTOTYPES = YES;
				CLANG_WARN_SUSPICIOUS_MOVE = YES;
				CLANG_WARN_UNGUARDED_AVAILABILITY = YES_AGGRESSIVE;
				CLANG_WARN_UNREACHABLE_CODE = YES;
				CLANG_WARN__DUPLICATE_METHOD_MATCH = YES;
				CODE_SIGN_IDENTITY = "iPhone Developer";
				COPY_PHASE_STRIP = NO;
				DEBUG_INFORMATION_FORMAT = dwarf;
				ENABLE_STRICT_OBJC_MSGSEND = YES;
				ENABLE_TESTABILITY = YES;
				GCC_C_LANGUAGE_STANDARD = gnu11;
				GCC_DYNAMIC_NO_PIC = NO;
				GCC_NO_COMMON_BLOCKS = YES;
				GCC_OPTIMIZATION_LEVEL = 0;
				GCC_PREPROCESSOR_DEFINITIONS = (
					"DEBUG=1",
					"$(inherited)",
				);
				GCC_WARN_64_TO_32_BIT_CONVERSION = YES;
				GCC_WARN_ABOUT_RETURN_TYPE = YES_ERROR;
				GCC_WARN_UNDECLARED_SELECTOR = YES;
				GCC_WARN_UNINITIALIZED_AUTOS = YES_AGGRESSIVE;
				GCC_WARN_UNUSED_FUNCTION = YES;
				GCC_WARN_UNUSED_VARIABLE = YES;
				IPHONEOS_DEPLOYMENT_TARGET = 13.0;
				MTL_ENABLE_DEBUG_INFO = INCLUDE_SOURCE;
				MTL_FAST_MATH = YES;
				ONLY_ACTIVE_ARCH = YES;
				SDKROOT = iphoneos;
				SWIFT_ACTIVE_COMPILATION_CONDITIONS = DEBUG;
				SWIFT_OPTIMIZATION_LEVEL = "-Onone";
			};
			name = Debug;
		};
		A6C766A523C0445A00BD5F95 /* Release */ = {
			isa = XCBuildConfiguration;
			buildSettings = {
				ALWAYS_SEARCH_USER_PATHS = NO;
				CLANG_ANALYZER_NONNULL = YES;
				CLANG_ANALYZER_NUMBER_OBJECT_CONVERSION = YES_AGGRESSIVE;
				CLANG_CXX_LANGUAGE_STANDARD = "gnu++14";
				CLANG_CXX_LIBRARY = "libc++";
				CLANG_ENABLE_MODULES = YES;
				CLANG_ENABLE_OBJC_ARC = YES;
				CLANG_ENABLE_OBJC_WEAK = YES;
				CLANG_WARN_BLOCK_CAPTURE_AUTORELEASING = YES;
				CLANG_WARN_BOOL_CONVERSION = YES;
				CLANG_WARN_COMMA = YES;
				CLANG_WARN_CONSTANT_CONVERSION = YES;
				CLANG_WARN_DEPRECATED_OBJC_IMPLEMENTATIONS = YES;
				CLANG_WARN_DIRECT_OBJC_ISA_USAGE = YES_ERROR;
				CLANG_WARN_DOCUMENTATION_COMMENTS = YES;
				CLANG_WARN_EMPTY_BODY = YES;
				CLANG_WARN_ENUM_CONVERSION = YES;
				CLANG_WARN_INFINITE_RECURSION = YES;
				CLANG_WARN_INT_CONVERSION = YES;
				CLANG_WARN_NON_LITERAL_NULL_CONVERSION = YES;
				CLANG_WARN_OBJC_IMPLICIT_RETAIN_SELF = YES;
				CLANG_WARN_OBJC_LITERAL_CONVERSION = YES;
				CLANG_WARN_OBJC_ROOT_CLASS = YES_ERROR;
				CLANG_WARN_RANGE_LOOP_ANALYSIS = YES;
				CLANG_WARN_STRICT_PROTOTYPES = YES;
				CLANG_WARN_SUSPICIOUS_MOVE = YES;
				CLANG_WARN_UNGUARDED_AVAILABILITY = YES_AGGRESSIVE;
				CLANG_WARN_UNREACHABLE_CODE = YES;
				CLANG_WARN__DUPLICATE_METHOD_MATCH = YES;
				CODE_SIGN_IDENTITY = "iPhone Developer";
				COPY_PHASE_STRIP = NO;
				DEBUG_INFORMATION_FORMAT = "dwarf-with-dsym";
				ENABLE_NS_ASSERTIONS = NO;
				ENABLE_STRICT_OBJC_MSGSEND = YES;
				GCC_C_LANGUAGE_STANDARD = gnu11;
				GCC_NO_COMMON_BLOCKS = YES;
				GCC_WARN_64_TO_32_BIT_CONVERSION = YES;
				GCC_WARN_ABOUT_RETURN_TYPE = YES_ERROR;
				GCC_WARN_UNDECLARED_SELECTOR = YES;
				GCC_WARN_UNINITIALIZED_AUTOS = YES_AGGRESSIVE;
				GCC_WARN_UNUSED_FUNCTION = YES;
				GCC_WARN_UNUSED_VARIABLE = YES;
				IPHONEOS_DEPLOYMENT_TARGET = 13.0;
				MTL_ENABLE_DEBUG_INFO = NO;
				MTL_FAST_MATH = YES;
				SDKROOT = iphoneos;
				SWIFT_COMPILATION_MODE = wholemodule;
				SWIFT_OPTIMIZATION_LEVEL = "-O";
				VALIDATE_PRODUCT = YES;
			};
			name = Release;
		};
		A6C766A723C0445A00BD5F95 /* Debug */ = {
			isa = XCBuildConfiguration;
			buildSettings = {
				ASSETCATALOG_COMPILER_APPICON_NAME = AppIcon;
				CODE_SIGN_STYLE = Automatic;
				DEVELOPMENT_TEAM = 9MP37CWVWQ;
				INFOPLIST_FILE = GHFollowers/Info.plist;
				LD_RUNPATH_SEARCH_PATHS = (
					"$(inherited)",
					"@executable_path/Frameworks",
				);
				PRODUCT_BUNDLE_IDENTIFIER = "--PRODUCT-BUNDLE-IDENTIFIER-.GHFollowers";
				PRODUCT_NAME = "$(TARGET_NAME)";
				SWIFT_VERSION = 5.0;
				TARGETED_DEVICE_FAMILY = 1;
			};
			name = Debug;
		};
		A6C766A823C0445A00BD5F95 /* Release */ = {
			isa = XCBuildConfiguration;
			buildSettings = {
				ASSETCATALOG_COMPILER_APPICON_NAME = AppIcon;
				CODE_SIGN_STYLE = Automatic;
				DEVELOPMENT_TEAM = 9MP37CWVWQ;
				INFOPLIST_FILE = GHFollowers/Info.plist;
				LD_RUNPATH_SEARCH_PATHS = (
					"$(inherited)",
					"@executable_path/Frameworks",
				);
				PRODUCT_BUNDLE_IDENTIFIER = "--PRODUCT-BUNDLE-IDENTIFIER-.GHFollowers";
				PRODUCT_NAME = "$(TARGET_NAME)";
				SWIFT_VERSION = 5.0;
				TARGETED_DEVICE_FAMILY = 1;
			};
			name = Release;
		};
		A6C766AA23C0445A00BD5F95 /* Debug */ = {
			isa = XCBuildConfiguration;
			buildSettings = {
				ALWAYS_EMBED_SWIFT_STANDARD_LIBRARIES = YES;
				BUNDLE_LOADER = "$(TEST_HOST)";
				CODE_SIGN_STYLE = Automatic;
				DEVELOPMENT_TEAM = 9MP37CWVWQ;
				INFOPLIST_FILE = GHFollowersTests/Info.plist;
				LD_RUNPATH_SEARCH_PATHS = (
					"$(inherited)",
					"@executable_path/Frameworks",
					"@loader_path/Frameworks",
				);
				PRODUCT_BUNDLE_IDENTIFIER = "--PRODUCT-BUNDLE-IDENTIFIER-.GHFollowersTests";
				PRODUCT_NAME = "$(TARGET_NAME)";
				SWIFT_VERSION = 5.0;
				TARGETED_DEVICE_FAMILY = "1,2";
				TEST_HOST = "$(BUILT_PRODUCTS_DIR)/GHFollowers.app/GHFollowers";
			};
			name = Debug;
		};
		A6C766AB23C0445A00BD5F95 /* Release */ = {
			isa = XCBuildConfiguration;
			buildSettings = {
				ALWAYS_EMBED_SWIFT_STANDARD_LIBRARIES = YES;
				BUNDLE_LOADER = "$(TEST_HOST)";
				CODE_SIGN_STYLE = Automatic;
				DEVELOPMENT_TEAM = 9MP37CWVWQ;
				INFOPLIST_FILE = GHFollowersTests/Info.plist;
				LD_RUNPATH_SEARCH_PATHS = (
					"$(inherited)",
					"@executable_path/Frameworks",
					"@loader_path/Frameworks",
				);
				PRODUCT_BUNDLE_IDENTIFIER = "--PRODUCT-BUNDLE-IDENTIFIER-.GHFollowersTests";
				PRODUCT_NAME = "$(TARGET_NAME)";
				SWIFT_VERSION = 5.0;
				TARGETED_DEVICE_FAMILY = "1,2";
				TEST_HOST = "$(BUILT_PRODUCTS_DIR)/GHFollowers.app/GHFollowers";
			};
			name = Release;
		};
		A6C766AD23C0445A00BD5F95 /* Debug */ = {
			isa = XCBuildConfiguration;
			buildSettings = {
				ALWAYS_EMBED_SWIFT_STANDARD_LIBRARIES = YES;
				CODE_SIGN_STYLE = Automatic;
				DEVELOPMENT_TEAM = 9MP37CWVWQ;
				INFOPLIST_FILE = GHFollowersUITests/Info.plist;
				LD_RUNPATH_SEARCH_PATHS = (
					"$(inherited)",
					"@executable_path/Frameworks",
					"@loader_path/Frameworks",
				);
				PRODUCT_BUNDLE_IDENTIFIER = "--PRODUCT-BUNDLE-IDENTIFIER-.GHFollowersUITests";
				PRODUCT_NAME = "$(TARGET_NAME)";
				SWIFT_VERSION = 5.0;
				TARGETED_DEVICE_FAMILY = "1,2";
				TEST_TARGET_NAME = GHFollowers;
			};
			name = Debug;
		};
		A6C766AE23C0445A00BD5F95 /* Release */ = {
			isa = XCBuildConfiguration;
			buildSettings = {
				ALWAYS_EMBED_SWIFT_STANDARD_LIBRARIES = YES;
				CODE_SIGN_STYLE = Automatic;
				DEVELOPMENT_TEAM = 9MP37CWVWQ;
				INFOPLIST_FILE = GHFollowersUITests/Info.plist;
				LD_RUNPATH_SEARCH_PATHS = (
					"$(inherited)",
					"@executable_path/Frameworks",
					"@loader_path/Frameworks",
				);
				PRODUCT_BUNDLE_IDENTIFIER = "--PRODUCT-BUNDLE-IDENTIFIER-.GHFollowersUITests";
				PRODUCT_NAME = "$(TARGET_NAME)";
				SWIFT_VERSION = 5.0;
				TARGETED_DEVICE_FAMILY = "1,2";
				TEST_TARGET_NAME = GHFollowers;
			};
			name = Release;
		};
/* End XCBuildConfiguration section */

/* Begin XCConfigurationList section */
		A6C7667923C0445900BD5F95 /* Build configuration list for PBXProject "GHFollowers" */ = {
			isa = XCConfigurationList;
			buildConfigurations = (
				A6C766A423C0445A00BD5F95 /* Debug */,
				A6C766A523C0445A00BD5F95 /* Release */,
			);
			defaultConfigurationIsVisible = 0;
			defaultConfigurationName = Release;
		};
		A6C766A623C0445A00BD5F95 /* Build configuration list for PBXNativeTarget "GHFollowers" */ = {
			isa = XCConfigurationList;
			buildConfigurations = (
				A6C766A723C0445A00BD5F95 /* Debug */,
				A6C766A823C0445A00BD5F95 /* Release */,
			);
			defaultConfigurationIsVisible = 0;
			defaultConfigurationName = Release;
		};
		A6C766A923C0445A00BD5F95 /* Build configuration list for PBXNativeTarget "GHFollowersTests" */ = {
			isa = XCConfigurationList;
			buildConfigurations = (
				A6C766AA23C0445A00BD5F95 /* Debug */,
				A6C766AB23C0445A00BD5F95 /* Release */,
			);
			defaultConfigurationIsVisible = 0;
			defaultConfigurationName = Release;
		};
		A6C766AC23C0445A00BD5F95 /* Build configuration list for PBXNativeTarget "GHFollowersUITests" */ = {
			isa = XCConfigurationList;
			buildConfigurations = (
				A6C766AD23C0445A00BD5F95 /* Debug */,
				A6C766AE23C0445A00BD5F95 /* Release */,
			);
			defaultConfigurationIsVisible = 0;
			defaultConfigurationName = Release;
		};
/* End XCConfigurationList section */
	};
	rootObject = A6C7667623C0445900BD5F95 /* Project object */;
}
